
Microsoft Visual Studio Solution File, Format Version 12.00
# Visual Studio 15
VisualStudioVersion = 15.0.28307.489
MinimumVisualStudioVersion = 10.0.40219.1
Project("{FAE04EC0-301F-11D3-BF4B-00C04F79EFBC}") = "StudentExercisesFive", "StudentExercisesFive\StudentExercisesFive.csproj", "{B0A9F928-EFEE-479E-9FE7-5A27A205D954}"
EndProject
Global
	GlobalSection(SolutionConfigurationPlatforms) = preSolution
		Debug|Any CPU = Debug|Any CPU
		Release|Any CPU = Release|Any CPU
	EndGlobalSection
	GlobalSection(ProjectConfigurationPlatforms) = postSolution
		{B0A9F928-EFEE-479E-9FE7-5A27A205D954}.Debug|Any CPU.ActiveCfg = Debug|Any CPU
		{B0A9F928-EFEE-479E-9FE7-5A27A205D954}.Debug|Any CPU.Build.0 = Debug|Any CPU
		{B0A9F928-EFEE-479E-9FE7-5A27A205D954}.Release|Any CPU.ActiveCfg = Release|Any CPU
		{B0A9F928-EFEE-479E-9FE7-5A27A205D954}.Release|Any CPU.Build.0 = Release|Any CPU
	EndGlobalSection
	GlobalSection(SolutionProperties) = preSolution
		HideSolutionNode = FALSE
	EndGlobalSection
	GlobalSection(ExtensibilityGlobals) = postSolution
		SolutionGuid = {89835F0A-34E7-4038-BAEE-52E640AAC3A4}
	EndGlobalSection
EndGlobal
